{
    "name": "software-license-manager",
    "version": "5.5.12",
    "lockfileVersion": 1,
    "requires": true,
    "dependencies": {
        "auto-changelog": {
            "version": "1.14.1",
            "resolved": "https://registry.npmjs.org/auto-changelog/-/auto-changelog-1.14.1.tgz",
            "integrity": "sha512-T98ndHOvMQFz+TCqCi/Tw9jDVgRwECrtB2pkEM8N9snuqZDYPD9QJMRSCt1jr4pOKjvge3Ay2jaMeCpif+hHpw==",
            "dev": true,
            "requires": {
                "commander": "^2.20.0",
                "core-js": "^3.1.4",
                "handlebars": "^4.1.2",
                "lodash.uniqby": "^4.7.0",
                "node-fetch": "^2.6.0",
                "parse-github-url": "^1.0.2",
                "regenerator-runtime": "^0.13.2",
                "semver": "^6.1.1"
            }
        },
        "commander": {
            "version": "2.20.0",
            "resolved": "https://registry.npmjs.org/commander/-/commander-2.20.0.tgz",
            "integrity": "sha512-7j2y+40w61zy6YC2iRNpUe/NwhNyoXrYpHMrSunaMG64nRnaf96zO/KMQR4OyN/UnE5KLyEBnKHd4aG3rskjpQ==",
            "dev": true
        },
        "core-js": {
            "version": "3.2.0",
            "resolved": "https://registry.npmjs.org/core-js/-/core-js-3.2.0.tgz",
            "integrity": "sha512-gybgLzmr7SQRSF6UzGYXducx4eE10ONQlyEnQoqiGPbmbn7zLkb73tPfc4YbZN0lvcTQwoLNPjq4RuCaCumGyQ==",
            "dev": true
        },
        "handlebars": {
            "version": "4.7.7",
            "resolved": "https://registry.npmjs.org/handlebars/-/handlebars-4.7.7.tgz",
            "integrity": "sha512-aAcXm5OAfE/8IXkcZvCepKU3VzW1/39Fb5ZuqMtgI/hT8X2YgoMvBY5dLhq/cpOvw7Lk1nK/UF71aLG/ZnVYRA==",
            "dev": true,
            "requires": {
                "minimist": "^1.2.5",
                "neo-async": "^2.6.0",
                "source-map": "^0.6.1",
                "uglify-js": "^3.1.4",
                "wordwrap": "^1.0.0"
            },
            "dependencies": {
                "minimist": {
                    "version": "1.2.5",
                    "resolved": "https://registry.npmjs.org/minimist/-/minimist-1.2.5.tgz",
                    "integrity": "sha512-FM9nNUYrRBAELZQT3xeZQ7fmMOBg6nWNmJKTcgsJeaLstP/UODVpGsr5OhXhhXg6f+qtJ8uiZ+PUxkDWcgIXLw==",
                    "dev": true
                },
                "wordwrap": {
                    "version": "1.0.0",
                    "resolved": "https://registry.npmjs.org/wordwrap/-/wordwrap-1.0.0.tgz",
                    "integrity": "sha1-J1hIEIkUVqQXHI0CJkQa3pDLyus=",
                    "dev": true
                }
            }
        },
        "lodash.uniqby": {
            "version": "4.7.0",
            "resolved": "https://registry.npmjs.org/lodash.uniqby/-/lodash.uniqby-4.7.0.tgz",
            "integrity": "sha1-2ZwHpmnp5tJOE2Lf4mbGdhavEwI=",
            "dev": true
        },
        "neo-async": {
            "version": "2.6.1",
            "resolved": "https://registry.npmjs.org/neo-async/-/neo-async-2.6.1.tgz",
            "integrity": "sha512-iyam8fBuCUpWeKPGpaNMetEocMt364qkCsfL9JuhjXX6dRnguRVOfk2GZaDpPjcOKiiXCPINZC1GczQ7iTq3Zw==",
            "dev": true
        },
        "node-fetch": {
            "version": "2.6.1",
            "resolved": "https://registry.npmjs.org/node-fetch/-/node-fetch-2.6.1.tgz",
            "integrity": "sha512-V4aYg89jEoVRxRb2fJdAg8FHvI7cEyYdVAh94HH0UIK8oJxUfkjlDQN9RbMx+bEjP7+ggMiFRprSti032Oipxw==",
            "dev": true
        },
        "parse-github-url": {
            "version": "1.0.2",
            "resolved": "https://registry.npmjs.org/parse-github-url/-/parse-github-url-1.0.2.tgz",
            "integrity": "sha512-kgBf6avCbO3Cn6+RnzRGLkUsv4ZVqv/VfAYkRsyBcgkshNvVBkRn1FEZcW0Jb+npXQWm2vHPnnOqFteZxRRGNw==",
            "dev": true
        },
        "regenerator-runtime": {
            "version": "0.13.3",
            "resolved": "https://registry.npmjs.org/regenerator-runtime/-/regenerator-runtime-0.13.3.tgz",
            "integrity": "sha512-naKIZz2GQ8JWh///G7L3X6LaQUAMp2lvb1rvwwsURe/VXwD6VMfr+/1NuNw3ag8v2kY1aQ/go5SNn79O9JU7yw==",
            "dev": true
        },
        "semver": {
            "version": "6.3.0",
            "resolved": "https://registry.npmjs.org/semver/-/semver-6.3.0.tgz",
            "integrity": "sha512-b39TBaTSfV6yBrapU89p5fKekE2m/NwnDocOVruQFS1/veMgdzuPcnOM34M6CwxW8jH/lxEa5rBoDeUwu5HHTw==",
            "dev": true
        },
        "source-map": {
            "version": "0.6.1",
            "resolved": "https://registry.npmjs.org/source-map/-/source-map-0.6.1.tgz",
            "integrity": "sha512-UjgapumWlbMhkBgzT7Ykc5YXUT46F0iKu8SGXq0bcwP5dz/h0Plj6enJqjz1Zbq2l5WaqYnrVbwWOWMyF3F47g==",
            "dev": true
        },
        "uglify-js": {
            "version": "3.6.0",
            "resolved": "https://registry.npmjs.org/uglify-js/-/uglify-js-3.6.0.tgz",
            "integrity": "sha512-W+jrUHJr3DXKhrsS7NUVxn3zqMOFn0hL/Ei6v0anCIMoKC93TjcflTagwIHLW7SfMFfiQuktQyFVCFHGUE0+yg==",
            "dev": true,
            "optional": true,
            "requires": {
                "commander": "~2.20.0",
                "source-map": "~0.6.1"
            }
        }
    }
}
